
Microsoft Visual Studio Solution File, Format Version 12.00
Project("{FAE04EC0-301F-11D3-BF4B-00C04F79EFBC}") = "Task_6", "Task_6\Task_6.csproj", "{41FD34A0-16A3-4C8C-85D1-2D934E0ACD01}"
EndProject
Global
	GlobalSection(SolutionConfigurationPlatforms) = preSolution
		Debug|Any CPU = Debug|Any CPU
		Release|Any CPU = Release|Any CPU
	EndGlobalSection
	GlobalSection(ProjectConfigurationPlatforms) = postSolution
		{41FD34A0-16A3-4C8C-85D1-2D934E0ACD01}.Debug|Any CPU.ActiveCfg = Debug|Any CPU
		{41FD34A0-16A3-4C8C-85D1-2D934E0ACD01}.Debug|Any CPU.Build.0 = Debug|Any CPU
		{41FD34A0-16A3-4C8C-85D1-2D934E0ACD01}.Release|Any CPU.ActiveCfg = Release|Any CPU
		{41FD34A0-16A3-4C8C-85D1-2D934E0ACD01}.Release|Any CPU.Build.0 = Release|Any CPU
	EndGlobalSection
EndGlobal
